
Microsoft Visual Studio Solution File, Format Version 12.00
# Visual Studio Version 17
VisualStudioVersion = 17.5.33414.496
MinimumVisualStudioVersion = 10.0.40219.1
Project("{FAE04EC0-301F-11D3-BF4B-00C04F79EFBC}") = "ConstrutoresCSharp_2", "ConstrutoresCSharp_2\ConstrutoresCSharp_2.csproj", "{917227BD-44A3-4F73-915C-0E6C3DE5A4F0}"
EndProject
Global
	GlobalSection(SolutionConfigurationPlatforms) = preSolution
		Debug|Any CPU = Debug|Any CPU
		Release|Any CPU = Release|Any CPU
	EndGlobalSection
	GlobalSection(ProjectConfigurationPlatforms) = postSolution
		{917227BD-44A3-4F73-915C-0E6C3DE5A4F0}.Debug|Any CPU.ActiveCfg = Debug|Any CPU
		{917227BD-44A3-4F73-915C-0E6C3DE5A4F0}.Debug|Any CPU.Build.0 = Debug|Any CPU
		{917227BD-44A3-4F73-915C-0E6C3DE5A4F0}.Release|Any CPU.ActiveCfg = Release|Any CPU
		{917227BD-44A3-4F73-915C-0E6C3DE5A4F0}.Release|Any CPU.Build.0 = Release|Any CPU
	EndGlobalSection
	GlobalSection(SolutionProperties) = preSolution
		HideSolutionNode = FALSE
	EndGlobalSection
	GlobalSection(ExtensibilityGlobals) = postSolution
		SolutionGuid = {86E328A0-DAC9-4BF8-AA65-AE240DC9D035}
	EndGlobalSection
EndGlobal
