
Microsoft Visual Studio Solution File, Format Version 12.00
# Visual Studio Version 17
VisualStudioVersion = 17.5.33414.496
MinimumVisualStudioVersion = 10.0.40219.1
Project("{FAE04EC0-301F-11D3-BF4B-00C04F79EFBC}") = "Properties_2", "Properties_2\Properties_2.csproj", "{CDAC9E82-565B-407C-A381-FAAE96BF5DCE}"
EndProject
Global
	GlobalSection(SolutionConfigurationPlatforms) = preSolution
		Debug|Any CPU = Debug|Any CPU
		Release|Any CPU = Release|Any CPU
	EndGlobalSection
	GlobalSection(ProjectConfigurationPlatforms) = postSolution
		{CDAC9E82-565B-407C-A381-FAAE96BF5DCE}.Debug|Any CPU.ActiveCfg = Debug|Any CPU
		{CDAC9E82-565B-407C-A381-FAAE96BF5DCE}.Debug|Any CPU.Build.0 = Debug|Any CPU
		{CDAC9E82-565B-407C-A381-FAAE96BF5DCE}.Release|Any CPU.ActiveCfg = Release|Any CPU
		{CDAC9E82-565B-407C-A381-FAAE96BF5DCE}.Release|Any CPU.Build.0 = Release|Any CPU
	EndGlobalSection
	GlobalSection(SolutionProperties) = preSolution
		HideSolutionNode = FALSE
	EndGlobalSection
	GlobalSection(ExtensibilityGlobals) = postSolution
		SolutionGuid = {13B9BB4F-F584-4DFE-BC2D-D8808A6B6E3B}
	EndGlobalSection
EndGlobal
