
Microsoft Visual Studio Solution File, Format Version 12.00
# Visual Studio Version 17
VisualStudioVersion = 17.5.33414.496
MinimumVisualStudioVersion = 10.0.40219.1
Project("{FAE04EC0-301F-11D3-BF4B-00C04F79EFBC}") = "ExercicioProperties_1", "ExercicioProperties_1\ExercicioProperties_1.csproj", "{505F8A29-76BC-4129-A6E1-DA8FBC1E6CC3}"
EndProject
Global
	GlobalSection(SolutionConfigurationPlatforms) = preSolution
		Debug|Any CPU = Debug|Any CPU
		Release|Any CPU = Release|Any CPU
	EndGlobalSection
	GlobalSection(ProjectConfigurationPlatforms) = postSolution
		{505F8A29-76BC-4129-A6E1-DA8FBC1E6CC3}.Debug|Any CPU.ActiveCfg = Debug|Any CPU
		{505F8A29-76BC-4129-A6E1-DA8FBC1E6CC3}.Debug|Any CPU.Build.0 = Debug|Any CPU
		{505F8A29-76BC-4129-A6E1-DA8FBC1E6CC3}.Release|Any CPU.ActiveCfg = Release|Any CPU
		{505F8A29-76BC-4129-A6E1-DA8FBC1E6CC3}.Release|Any CPU.Build.0 = Release|Any CPU
	EndGlobalSection
	GlobalSection(SolutionProperties) = preSolution
		HideSolutionNode = FALSE
	EndGlobalSection
	GlobalSection(ExtensibilityGlobals) = postSolution
		SolutionGuid = {21AE0BEC-6EF2-42A6-A78C-5F5B0086C75B}
	EndGlobalSection
EndGlobal
