
Microsoft Visual Studio Solution File, Format Version 12.00
# Visual Studio Version 17
VisualStudioVersion = 17.5.33414.496
MinimumVisualStudioVersion = 10.0.40219.1
Project("{FAE04EC0-301F-11D3-BF4B-00C04F79EFBC}") = "Properties_1", "Properties_1\Properties_1.csproj", "{A2C587A8-CD65-4904-8714-33CD63CE66FD}"
EndProject
Global
	GlobalSection(SolutionConfigurationPlatforms) = preSolution
		Debug|Any CPU = Debug|Any CPU
		Release|Any CPU = Release|Any CPU
	EndGlobalSection
	GlobalSection(ProjectConfigurationPlatforms) = postSolution
		{A2C587A8-CD65-4904-8714-33CD63CE66FD}.Debug|Any CPU.ActiveCfg = Debug|Any CPU
		{A2C587A8-CD65-4904-8714-33CD63CE66FD}.Debug|Any CPU.Build.0 = Debug|Any CPU
		{A2C587A8-CD65-4904-8714-33CD63CE66FD}.Release|Any CPU.ActiveCfg = Release|Any CPU
		{A2C587A8-CD65-4904-8714-33CD63CE66FD}.Release|Any CPU.Build.0 = Release|Any CPU
	EndGlobalSection
	GlobalSection(SolutionProperties) = preSolution
		HideSolutionNode = FALSE
	EndGlobalSection
	GlobalSection(ExtensibilityGlobals) = postSolution
		SolutionGuid = {C4A07DD2-72AD-4753-A697-BA12FA12317C}
	EndGlobalSection
EndGlobal
