
Microsoft Visual Studio Solution File, Format Version 12.00
# Visual Studio Version 17
VisualStudioVersion = 17.5.33414.496
MinimumVisualStudioVersion = 10.0.40219.1
Project("{FAE04EC0-301F-11D3-BF4B-00C04F79EFBC}") = "ConstrutoresCSharp_1", "ConstrutoresCSharp_1\ConstrutoresCSharp_1.csproj", "{16DD89F2-6B53-453B-894A-CD7D4867ECB9}"
EndProject
Global
	GlobalSection(SolutionConfigurationPlatforms) = preSolution
		Debug|Any CPU = Debug|Any CPU
		Release|Any CPU = Release|Any CPU
	EndGlobalSection
	GlobalSection(ProjectConfigurationPlatforms) = postSolution
		{16DD89F2-6B53-453B-894A-CD7D4867ECB9}.Debug|Any CPU.ActiveCfg = Debug|Any CPU
		{16DD89F2-6B53-453B-894A-CD7D4867ECB9}.Debug|Any CPU.Build.0 = Debug|Any CPU
		{16DD89F2-6B53-453B-894A-CD7D4867ECB9}.Release|Any CPU.ActiveCfg = Release|Any CPU
		{16DD89F2-6B53-453B-894A-CD7D4867ECB9}.Release|Any CPU.Build.0 = Release|Any CPU
	EndGlobalSection
	GlobalSection(SolutionProperties) = preSolution
		HideSolutionNode = FALSE
	EndGlobalSection
	GlobalSection(ExtensibilityGlobals) = postSolution
		SolutionGuid = {CDF231BD-7EAB-402E-BF17-20671BBAD338}
	EndGlobalSection
EndGlobal
